// !$*UTF8*$!
{
	archiveVersion = 1;
	classes = {
	};
	objectVersion = 48;
	objects = {

/* Begin PBXBuildFile section */
		D28373E32045308E000B8350 /* AppDelegate.m in Sources */ = {isa = PBXBuildFile; fileRef = D28373E22045308E000B8350 /* AppDelegate.m */; };
		D28373E62045308E000B8350 /* ViewController.m in Sources */ = {isa = PBXBuildFile; fileRef = D28373E52045308E000B8350 /* ViewController.m */; };
		D28373E92045308E000B8350 /* Main.storyboard in Resources */ = {isa = PBXBuildFile; fileRef = D28373E72045308E000B8350 /* Main.storyboard */; };
		D28373EB2045308E000B8350 /* Assets.xcassets in Resources */ = {isa = PBXBuildFile; fileRef = D28373EA2045308E000B8350 /* Assets.xcassets */; };
		D28373EE2045308E000B8350 /* LaunchScreen.storyboard in Resources */ = {isa = PBXBuildFile; fileRef = D28373EC2045308E000B8350 /* LaunchScreen.storyboard */; };
		D28373F12045308E000B8350 /* main.m in Sources */ = {isa = PBXBuildFile; fileRef = D28373F02045308E000B8350 /* main.m */; };
		D28373FB2045308E000B8350 /* ZFLoadingViewTests.m in Sources */ = {isa = PBXBuildFile; fileRef = D28373FA2045308E000B8350 /* ZFLoadingViewTests.m */; };
		D28374062045308F000B8350 /* ZFLoadingViewUITests.m in Sources */ = {isa = PBXBuildFile; fileRef = D28374052045308F000B8350 /* ZFLoadingViewUITests.m */; };
		D2B8FFA120453DB8001843B4 /* ZFLoadingView.m in Sources */ = {isa = PBXBuildFile; fileRef = D2B8FFA020453DB8001843B4 /* ZFLoadingView.m */; };
/* End PBXBuildFile section */

/* Begin PBXContainerItemProxy section */
		D28373F72045308E000B8350 /* PBXContainerItemProxy */ = {
			isa = PBXContainerItemProxy;
			containerPortal = D28373D62045308E000B8350 /* Project object */;
			proxyType = 1;
			remoteGlobalIDString = D28373DD2045308E000B8350;
			remoteInfo = ZFLoadingView;
		};
		D28374022045308F000B8350 /* PBXContainerItemProxy */ = {
			isa = PBXContainerItemProxy;
			containerPortal = D28373D62045308E000B8350 /* Project object */;
			proxyType = 1;
			remoteGlobalIDString = D28373DD2045308E000B8350;
			remoteInfo = ZFLoadingView;
		};
/* End PBXContainerItemProxy section */

/* Begin PBXFileReference section */
		D28373DE2045308E000B8350 /* ZFLoadingView.app */ = {isa = PBXFileReference; explicitFileType = wrapper.application; includeInIndex = 0; path = ZFLoadingView.app; sourceTree = BUILT_PRODUCTS_DIR; };
		D28373E12045308E000B8350 /* AppDelegate.h */ = {isa = PBXFileReference; lastKnownFileType = sourcecode.c.h; path = AppDelegate.h; sourceTree = "<group>"; };
		D28373E22045308E000B8350 /* AppDelegate.m */ = {isa = PBXFileReference; lastKnownFileType = sourcecode.c.objc; path = AppDelegate.m; sourceTree = "<group>"; };
		D28373E42045308E000B8350 /* ViewController.h */ = {isa = PBXFileReference; lastKnownFileType = sourcecode.c.h; path = ViewController.h; sourceTree = "<group>"; };
		D28373E52045308E000B8350 /* ViewController.m */ = {isa = PBXFileReference; lastKnownFileType = sourcecode.c.objc; path = ViewController.m; sourceTree = "<group>"; };
		D28373E82045308E000B8350 /* Base */ = {isa = PBXFileReference; lastKnownFileType = file.storyboard; name = Base; path = Base.lproj/Main.storyboard; sourceTree = "<group>"; };
		D28373EA2045308E000B8350 /* Assets.xcassets */ = {isa = PBXFileReference; lastKnownFileType = folder.assetcatalog; path = Assets.xcassets; sourceTree = "<group>"; };
		D28373ED2045308E000B8350 /* Base */ = {isa = PBXFileReference; lastKnownFileType = file.storyboard; name = Base; path = Base.lproj/LaunchScreen.storyboard; sourceTree = "<group>"; };
		D28373EF2045308E000B8350 /* Info.plist */ = {isa = PBXFileReference; lastKnownFileType = text.plist.xml; path = Info.plist; sourceTree = "<group>"; };
		D28373F02045308E000B8350 /* main.m */ = {isa = PBXFileReference; lastKnownFileType = sourcecode.c.objc; path = main.m; sourceTree = "<group>"; };
		D28373F62045308E000B8350 /* ZFLoadingViewTests.xctest */ = {isa = PBXFileReference; explicitFileType = wrapper.cfbundle; includeInIndex = 0; path = ZFLoadingViewTests.xctest; sourceTree = BUILT_PRODUCTS_DIR; };
		D28373FA2045308E000B8350 /* ZFLoadingViewTests.m */ = {isa = PBXFileReference; lastKnownFileType = sourcecode.c.objc; path = ZFLoadingViewTests.m; sourceTree = "<group>"; };
		D28373FC2045308F000B8350 /* Info.plist */ = {isa = PBXFileReference; lastKnownFileType = text.plist.xml; path = Info.plist; sourceTree = "<group>"; };
		D28374012045308F000B8350 /* ZFLoadingViewUITests.xctest */ = {isa = PBXFileReference; explicitFileType = wrapper.cfbundle; includeInIndex = 0; path = ZFLoadingViewUITests.xctest; sourceTree = BUILT_PRODUCTS_DIR; };
		D28374052045308F000B8350 /* ZFLoadingViewUITests.m */ = {isa = PBXFileReference; lastKnownFileType = sourcecode.c.objc; path = ZFLoadingViewUITests.m; sourceTree = "<group>"; };
		D28374072045308F000B8350 /* Info.plist */ = {isa = PBXFileReference; lastKnownFileType = text.plist.xml; path = Info.plist; sourceTree = "<group>"; };
		D2B8FF9F20453DB8001843B4 /* ZFLoadingView.h */ = {isa = PBXFileReference; fileEncoding = 4; lastKnownFileType = sourcecode.c.h; path = ZFLoadingView.h; sourceTree = "<group>"; };
		D2B8FFA020453DB8001843B4 /* ZFLoadingView.m */ = {isa = PBXFileReference; fileEncoding = 4; lastKnownFileType = sourcecode.c.objc; path = ZFLoadingView.m; sourceTree = "<group>"; };
/* End PBXFileReference section */

/* Begin PBXFrameworksBuildPhase section */
		D28373DB2045308E000B8350 /* Frameworks */ = {
			isa = PBXFrameworksBuildPhase;
			buildActionMask = 2147483647;
			files = (
			);
			runOnlyForDeploymentPostprocessing = 0;
		};
		D28373F32045308E000B8350 /* Frameworks */ = {
			isa = PBXFrameworksBuildPhase;
			buildActionMask = 2147483647;
			files = (
			);
			runOnlyForDeploymentPostprocessing = 0;
		};
		D28373FE2045308F000B8350 /* Frameworks */ = {
			isa = PBXFrameworksBuildPhase;
			buildActionMask = 2147483647;
			files = (
			);
			runOnlyForDeploymentPostprocessing = 0;
		};
/* End PBXFrameworksBuildPhase section */

/* Begin PBXGroup section */
		D28373D52045308E000B8350 = {
			isa = PBXGroup;
			children = (
				D28373E02045308E000B8350 /* ZFLoadingView */,
				D28373F92045308E000B8350 /* ZFLoadingViewTests */,
				D28374042045308F000B8350 /* ZFLoadingViewUITests */,
				D28373DF2045308E000B8350 /* Products */,
			);
			sourceTree = "<group>";
		};
		D28373DF2045308E000B8350 /* Products */ = {
			isa = PBXGroup;
			children = (
				D28373DE2045308E000B8350 /* ZFLoadingView.app */,
				D28373F62045308E000B8350 /* ZFLoadingViewTests.xctest */,
				D28374012045308F000B8350 /* ZFLoadingViewUITests.xctest */,
			);
			name = Products;
			sourceTree = "<group>";
		};
		D28373E02045308E000B8350 /* ZFLoadingView */ = {
			isa = PBXGroup;
			children = (
				D2B8FF9E20453DB8001843B4 /* ZFLoadingView */,
				D28373E12045308E000B8350 /* AppDelegate.h */,
				D28373E22045308E000B8350 /* AppDelegate.m */,
				D28373E42045308E000B8350 /* ViewController.h */,
				D28373E52045308E000B8350 /* ViewController.m */,
				D28373E72045308E000B8350 /* Main.storyboard */,
				D28373EA2045308E000B8350 /* Assets.xcassets */,
				D28373EC2045308E000B8350 /* LaunchScreen.storyboard */,
				D28373EF2045308E000B8350 /* Info.plist */,
				D28373F02045308E000B8350 /* main.m */,
			);
			path = ZFLoadingView;
			sourceTree = "<group>";
		};
		D28373F92045308E000B8350 /* ZFLoadingViewTests */ = {
			isa = PBXGroup;
			children = (
				D28373FA2045308E000B8350 /* ZFLoadingViewTests.m */,
				D28373FC2045308F000B8350 /* Info.plist */,
			);
			path = ZFLoadingViewTests;
			sourceTree = "<group>";
		};
		D28374042045308F000B8350 /* ZFLoadingViewUITests */ = {
			isa = PBXGroup;
			children = (
				D28374052045308F000B8350 /* ZFLoadingViewUITests.m */,
				D28374072045308F000B8350 /* Info.plist */,
			);
			path = ZFLoadingViewUITests;
			sourceTree = "<group>";
		};
		D2B8FF9E20453DB8001843B4 /* ZFLoadingView */ = {
			isa = PBXGroup;
			children = (
				D2B8FF9F20453DB8001843B4 /* ZFLoadingView.h */,
				D2B8FFA020453DB8001843B4 /* ZFLoadingView.m */,
			);
			name = ZFLoadingView;
			path = ../ZFLoadingView;
			sourceTree = SOURCE_ROOT;
		};
/* End PBXGroup section */

/* Begin PBXNativeTarget section */
		D28373DD2045308E000B8350 /* ZFLoadingView */ = {
			isa = PBXNativeTarget;
			buildConfigurationList = D283740A2045308F000B8350 /* Build configuration list for PBXNativeTarget "ZFLoadingView" */;
			buildPhases = (
				D28373DA2045308E000B8350 /* Sources */,
				D28373DB2045308E000B8350 /* Frameworks */,
				D28373DC2045308E000B8350 /* Resources */,
			);
			buildRules = (
			);
			dependencies = (
			);
			name = ZFLoadingView;
			productName = ZFLoadingView;
			productReference = D28373DE2045308E000B8350 /* ZFLoadingView.app */;
			productType = "com.apple.product-type.application";
		};
		D28373F52045308E000B8350 /* ZFLoadingViewTests */ = {
			isa = PBXNativeTarget;
			buildConfigurationList = D283740D2045308F000B8350 /* Build configuration list for PBXNativeTarget "ZFLoadingViewTests" */;
			buildPhases = (
				D28373F22045308E000B8350 /* Sources */,
				D28373F32045308E000B8350 /* Frameworks */,
				D28373F42045308E000B8350 /* Resources */,
			);
			buildRules = (
			);
			dependencies = (
				D28373F82045308E000B8350 /* PBXTargetDependency */,
			);
			name = ZFLoadingViewTests;
			productName = ZFLoadingViewTests;
			productReference = D28373F62045308E000B8350 /* ZFLoadingViewTests.xctest */;
			productType = "com.apple.product-type.bundle.unit-test";
		};
		D28374002045308F000B8350 /* ZFLoadingViewUITests */ = {
			isa = PBXNativeTarget;
			buildConfigurationList = D28374102045308F000B8350 /* Build configuration list for PBXNativeTarget "ZFLoadingViewUITests" */;
			buildPhases = (
				D28373FD2045308F000B8350 /* Sources */,
				D28373FE2045308F000B8350 /* Frameworks */,
				D28373FF2045308F000B8350 /* Resources */,
			);
			buildRules = (
			);
			dependencies = (
				D28374032045308F000B8350 /* PBXTargetDependency */,
			);
			name = ZFLoadingViewUITests;
			productName = ZFLoadingViewUITests;
			productReference = D28374012045308F000B8350 /* ZFLoadingViewUITests.xctest */;
			productType = "com.apple.product-type.bundle.ui-testing";
		};
/* End PBXNativeTarget section */

/* Begin PBXProject section */
		D28373D62045308E000B8350 /* Project object */ = {
			isa = PBXProject;
			attributes = {
				LastUpgradeCheck = 0910;
				ORGANIZATIONNAME = "紫枫";
				TargetAttributes = {
					D28373DD2045308E000B8350 = {
						CreatedOnToolsVersion = 9.1;
						ProvisioningStyle = Automatic;
					};
					D28373F52045308E000B8350 = {
						CreatedOnToolsVersion = 9.1;
						ProvisioningStyle = Automatic;
						TestTargetID = D28373DD2045308E000B8350;
					};
					D28374002045308F000B8350 = {
						CreatedOnToolsVersion = 9.1;
						ProvisioningStyle = Automatic;
						TestTargetID = D28373DD2045308E000B8350;
					};
				};
			};
			buildConfigurationList = D28373D92045308E000B8350 /* Build configuration list for PBXProject "ZFLoadingView" */;
			compatibilityVersion = "Xcode 8.0";
			developmentRegion = en;
			hasScannedForEncodings = 0;
			knownRegions = (
				en,
				Base,
			);
			mainGroup = D28373D52045308E000B8350;
			productRefGroup = D28373DF2045308E000B8350 /* Products */;
			projectDirPath = "";
			projectRoot = "";
			targets = (
				D28373DD2045308E000B8350 /* ZFLoadingView */,
				D28373F52045308E000B8350 /* ZFLoadingViewTests */,
				D28374002045308F000B8350 /* ZFLoadingViewUITests */,
			);
		};
/* End PBXProject section */

/* Begin PBXResourcesBuildPhase section */
		D28373DC2045308E000B8350 /* Resources */ = {
			isa = PBXResourcesBuildPhase;
			buildActionMask = 2147483647;
			files = (
				D28373EE2045308E000B8350 /* LaunchScreen.storyboard in Resources */,
				D28373EB2045308E000B8350 /* Assets.xcassets in Resources */,
				D28373E92045308E000B8350 /* Main.storyboard in Resources */,
			);
			runOnlyForDeploymentPostprocessing = 0;
		};
		D28373F42045308E000B8350 /* Resources */ = {
			isa = PBXResourcesBuildPhase;
			buildActionMask = 2147483647;
			files = (
			);
			runOnlyForDeploymentPostprocessing = 0;
		};
		D28373FF2045308F000B8350 /* Resources */ = {
			isa = PBXResourcesBuildPhase;
			buildActionMask = 2147483647;
			files = (
			);
			runOnlyForDeploymentPostprocessing = 0;
		};
/* End PBXResourcesBuildPhase section */

/* Begin PBXSourcesBuildPhase section */
		D28373DA2045308E000B8350 /* Sources */ = {
			isa = PBXSourcesBuildPhase;
			buildActionMask = 2147483647;
			files = (
				D28373E62045308E000B8350 /* ViewController.m in Sources */,
				D28373F12045308E000B8350 /* main.m in Sources */,
				D28373E32045308E000B8350 /* AppDelegate.m in Sources */,
				D2B8FFA120453DB8001843B4 /* ZFLoadingView.m in Sources */,
			);
			runOnlyForDeploymentPostprocessing = 0;
		};
		D28373F22045308E000B8350 /* Sources */ = {
			isa = PBXSourcesBuildPhase;
			buildActionMask = 2147483647;
			files = (
				D28373FB2045308E000B8350 /* ZFLoadingViewTests.m in Sources */,
			);
			runOnlyForDeploymentPostprocessing = 0;
		};
		D28373FD2045308F000B8350 /* Sources */ = {
			isa = PBXSourcesBuildPhase;
			buildActionMask = 2147483647;
			files = (
				D28374062045308F000B8350 /* ZFLoadingViewUITests.m in Sources */,
			);
			runOnlyForDeploymentPostprocessing = 0;
		};
/* End PBXSourcesBuildPhase section */

/* Begin PBXTargetDependency section */
		D28373F82045308E000B8350 /* PBXTargetDependency */ = {
			isa = PBXTargetDependency;
			target = D28373DD2045308E000B8350 /* ZFLoadingView */;
			targetProxy = D28373F72045308E000B8350 /* PBXContainerItemProxy */;
		};
		D28374032045308F000B8350 /* PBXTargetDependency */ = {
			isa = PBXTargetDependency;
			target = D28373DD2045308E000B8350 /* ZFLoadingView */;
			targetProxy = D28374022045308F000B8350 /* PBXContainerItemProxy */;
		};
/* End PBXTargetDependency section */

/* Begin PBXVariantGroup section */
		D28373E72045308E000B8350 /* Main.storyboard */ = {
			isa = PBXVariantGroup;
			children = (
				D28373E82045308E000B8350 /* Base */,
			);
			name = Main.storyboard;
			sourceTree = "<group>";
		};
		D28373EC2045308E000B8350 /* LaunchScreen.storyboard */ = {
			isa = PBXVariantGroup;
			children = (
				D28373ED2045308E000B8350 /* Base */,
			);
			name = LaunchScreen.storyboard;
			sourceTree = "<group>";
		};
/* End PBXVariantGroup section */

/* Begin XCBuildConfiguration section */
		D28374082045308F000B8350 /* Debug */ = {
			isa = XCBuildConfiguration;
			buildSettings = {
				ALWAYS_SEARCH_USER_PATHS = NO;
				CLANG_ANALYZER_NONNULL = YES;
				CLANG_ANALYZER_NUMBER_OBJECT_CONVERSION = YES_AGGRESSIVE;
				CLANG_CXX_LANGUAGE_STANDARD = "gnu++14";
				CLANG_CXX_LIBRARY = "libc++";
				CLANG_ENABLE_MODULES = YES;
				CLANG_ENABLE_OBJC_ARC = YES;
				CLANG_WARN_BLOCK_CAPTURE_AUTORELEASING = YES;
				CLANG_WARN_BOOL_CONVERSION = YES;
				CLANG_WARN_COMMA = YES;
				CLANG_WARN_CONSTANT_CONVERSION = YES;
				CLANG_WARN_DIRECT_OBJC_ISA_USAGE = YES_ERROR;
				CLANG_WARN_DOCUMENTATION_COMMENTS = YES;
				CLANG_WARN_EMPTY_BODY = YES;
				CLANG_WARN_ENUM_CONVERSION = YES;
				CLANG_WARN_INFINITE_RECURSION = YES;
				CLANG_WARN_INT_CONVERSION = YES;
				CLANG_WARN_NON_LITERAL_NULL_CONVERSION = YES;
				CLANG_WARN_OBJC_LITERAL_CONVERSION = YES;
				CLANG_WARN_OBJC_ROOT_CLASS = YES_ERROR;
				CLANG_WARN_RANGE_LOOP_ANALYSIS = YES;
				CLANG_WARN_STRICT_PROTOTYPES = YES;
				CLANG_WARN_SUSPICIOUS_MOVE = YES;
				CLANG_WARN_UNGUARDED_AVAILABILITY = YES_AGGRESSIVE;
				CLANG_WARN_UNREACHABLE_CODE = YES;
				CLANG_WARN__DUPLICATE_METHOD_MATCH = YES;
				CODE_SIGN_IDENTITY = "iPhone Developer";
				COPY_PHASE_STRIP = NO;
				DEBUG_INFORMATION_FORMAT = dwarf;
				ENABLE_STRICT_OBJC_MSGSEND = YES;
				ENABLE_TESTABILITY = YES;
				GCC_C_LANGUAGE_STANDARD = gnu11;
				GCC_DYNAMIC_NO_PIC = NO;
				GCC_NO_COMMON_BLOCKS = YES;
				GCC_OPTIMIZATION_LEVEL = 0;
				GCC_PREPROCESSOR_DEFINITIONS = (
					"DEBUG=1",
					"$(inherited)",
				);
				GCC_WARN_64_TO_32_BIT_CONVERSION = YES;
				GCC_WARN_ABOUT_RETURN_TYPE = YES_ERROR;
				GCC_WARN_UNDECLARED_SELECTOR = YES;
				GCC_WARN_UNINITIALIZED_AUTOS = YES_AGGRESSIVE;
				GCC_WARN_UNUSED_FUNCTION = YES;
				GCC_WARN_UNUSED_VARIABLE = YES;
				IPHONEOS_DEPLOYMENT_TARGET = 11.1;
				MTL_ENABLE_DEBUG_INFO = YES;
				ONLY_ACTIVE_ARCH = YES;
				SDKROOT = iphoneos;
			};
			name = Debug;
		};
		D28374092045308F000B8350 /* Release */ = {
			isa = XCBuildConfiguration;
			buildSettings = {
				ALWAYS_SEARCH_USER_PATHS = NO;
				CLANG_ANALYZER_NONNULL = YES;
				CLANG_ANALYZER_NUMBER_OBJECT_CONVERSION = YES_AGGRESSIVE;
				CLANG_CXX_LANGUAGE_STANDARD = "gnu++14";
				CLANG_CXX_LIBRARY = "libc++";
				CLANG_ENABLE_MODULES = YES;
				CLANG_ENABLE_OBJC_ARC = YES;
				CLANG_WARN_BLOCK_CAPTURE_AUTORELEASING = YES;
				CLANG_WARN_BOOL_CONVERSION = YES;
				CLANG_WARN_COMMA = YES;
				CLANG_WARN_CONSTANT_CONVERSION = YES;
				CLANG_WARN_DIRECT_OBJC_ISA_USAGE = YES_ERROR;
				CLANG_WARN_DOCUMENTATION_COMMENTS = YES;
				CLANG_WARN_EMPTY_BODY = YES;
				CLANG_WARN_ENUM_CONVERSION = YES;
				CLANG_WARN_INFINITE_RECURSION = YES;
				CLANG_WARN_INT_CONVERSION = YES;
				CLANG_WARN_NON_LITERAL_NULL_CONVERSION = YES;
				CLANG_WARN_OBJC_LITERAL_CONVERSION = YES;
				CLANG_WARN_OBJC_ROOT_CLASS = YES_ERROR;
				CLANG_WARN_RANGE_LOOP_ANALYSIS = YES;
				CLANG_WARN_STRICT_PROTOTYPES = YES;
				CLANG_WARN_SUSPICIOUS_MOVE = YES;
				CLANG_WARN_UNGUARDED_AVAILABILITY = YES_AGGRESSIVE;
				CLANG_WARN_UNREACHABLE_CODE = YES;
				CLANG_WARN__DUPLICATE_METHOD_MATCH = YES;
				CODE_SIGN_IDENTITY = "iPhone Developer";
				COPY_PHASE_STRIP = NO;
				DEBUG_INFORMATION_FORMAT = "dwarf-with-dsym";
				ENABLE_NS_ASSERTIONS = NO;
				ENABLE_STRICT_OBJC_MSGSEND = YES;
				GCC_C_LANGUAGE_STANDARD = gnu11;
				GCC_NO_COMMON_BLOCKS = YES;
				GCC_WARN_64_TO_32_BIT_CONVERSION = YES;
				GCC_WARN_ABOUT_RETURN_TYPE = YES_ERROR;
				GCC_WARN_UNDECLARED_SELECTOR = YES;
				GCC_WARN_UNINITIALIZED_AUTOS = YES_AGGRESSIVE;
				GCC_WARN_UNUSED_FUNCTION = YES;
				GCC_WARN_UNUSED_VARIABLE = YES;
				IPHONEOS_DEPLOYMENT_TARGET = 11.1;
				MTL_ENABLE_DEBUG_INFO = NO;
				SDKROOT = iphoneos;
				VALIDATE_PRODUCT = YES;
			};
			name = Release;
		};
		D283740B2045308F000B8350 /* Debug */ = {
			isa = XCBuildConfiguration;
			buildSettings = {
				ASSETCATALOG_COMPILER_APPICON_NAME = AppIcon;
				CODE_SIGN_STYLE = Automatic;
				INFOPLIST_FILE = ZFLoadingView/Info.plist;
				LD_RUNPATH_SEARCH_PATHS = "$(inherited) @executable_path/Frameworks";
				PRODUCT_BUNDLE_IDENTIFIER = come.renzifeng.ZF.ZFLoadingView;
				PRODUCT_NAME = "$(TARGET_NAME)";
				TARGETED_DEVICE_FAMILY = "1,2";
			};
			name = Debug;
		};
		D283740C2045308F000B8350 /* Release */ = {
			isa = XCBuildConfiguration;
			buildSettings = {
				ASSETCATALOG_COMPILER_APPICON_NAME = AppIcon;
				CODE_SIGN_STYLE = Automatic;
				INFOPLIST_FILE = ZFLoadingView/Info.plist;
				LD_RUNPATH_SEARCH_PATHS = "$(inherited) @executable_path/Frameworks";
				PRODUCT_BUNDLE_IDENTIFIER = come.renzifeng.ZF.ZFLoadingView;
				PRODUCT_NAME = "$(TARGET_NAME)";
				TARGETED_DEVICE_FAMILY = "1,2";
			};
			name = Release;
		};
		D283740E2045308F000B8350 /* Debug */ = {
			isa = XCBuildConfiguration;
			buildSettings = {
				BUNDLE_LOADER = "$(TEST_HOST)";
				CODE_SIGN_STYLE = Automatic;
				INFOPLIST_FILE = ZFLoadingViewTests/Info.plist;
				LD_RUNPATH_SEARCH_PATHS = "$(inherited) @executable_path/Frameworks @loader_path/Frameworks";
				PRODUCT_BUNDLE_IDENTIFIER = come.renzifeng.ZF.ZFLoadingViewTests;
				PRODUCT_NAME = "$(TARGET_NAME)";
				TARGETED_DEVICE_FAMILY = "1,2";
				TEST_HOST = "$(BUILT_PRODUCTS_DIR)/ZFLoadingView.app/ZFLoadingView";
			};
			name = Debug;
		};
		D283740F2045308F000B8350 /* Release */ = {
			isa = XCBuildConfiguration;
			buildSettings = {
				BUNDLE_LOADER = "$(TEST_HOST)";
				CODE_SIGN_STYLE = Automatic;
				INFOPLIST_FILE = ZFLoadingViewTests/Info.plist;
				LD_RUNPATH_SEARCH_PATHS = "$(inherited) @executable_path/Frameworks @loader_path/Frameworks";
				PRODUCT_BUNDLE_IDENTIFIER = come.renzifeng.ZF.ZFLoadingViewTests;
				PRODUCT_NAME = "$(TARGET_NAME)";
				TARGETED_DEVICE_FAMILY = "1,2";
				TEST_HOST = "$(BUILT_PRODUCTS_DIR)/ZFLoadingView.app/ZFLoadingView";
			};
			name = Release;
		};
		D28374112045308F000B8350 /* Debug */ = {
			isa = XCBuildConfiguration;
			buildSettings = {
				CODE_SIGN_STYLE = Automatic;
				INFOPLIST_FILE = ZFLoadingViewUITests/Info.plist;
				LD_RUNPATH_SEARCH_PATHS = "$(inherited) @executable_path/Frameworks @loader_path/Frameworks";
				PRODUCT_BUNDLE_IDENTIFIER = come.renzifeng.ZF.ZFLoadingViewUITests;
				PRODUCT_NAME = "$(TARGET_NAME)";
				TARGETED_DEVICE_FAMILY = "1,2";
				TEST_TARGET_NAME = ZFLoadingView;
			};
			name = Debug;
		};
		D28374122045308F000B8350 /* Release */ = {
			isa = XCBuildConfiguration;
			buildSettings = {
				CODE_SIGN_STYLE = Automatic;
				INFOPLIST_FILE = ZFLoadingViewUITests/Info.plist;
				LD_RUNPATH_SEARCH_PATHS = "$(inherited) @executable_path/Frameworks @loader_path/Frameworks";
				PRODUCT_BUNDLE_IDENTIFIER = come.renzifeng.ZF.ZFLoadingViewUITests;
				PRODUCT_NAME = "$(TARGET_NAME)";
				TARGETED_DEVICE_FAMILY = "1,2";
				TEST_TARGET_NAME = ZFLoadingView;
			};
			name = Release;
		};
/* End XCBuildConfiguration section */

/* Begin XCConfigurationList section */
		D28373D92045308E000B8350 /* Build configuration list for PBXProject "ZFLoadingView" */ = {
			isa = XCConfigurationList;
			buildConfigurations = (
				D28374082045308F000B8350 /* Debug */,
				D28374092045308F000B8350 /* Release */,
			);
			defaultConfigurationIsVisible = 0;
			defaultConfigurationName = Release;
		};
		D283740A2045308F000B8350 /* Build configuration list for PBXNativeTarget "ZFLoadingView" */ = {
			isa = XCConfigurationList;
			buildConfigurations = (
				D283740B2045308F000B8350 /* Debug */,
				D283740C2045308F000B8350 /* Release */,
			);
			defaultConfigurationIsVisible = 0;
			defaultConfigurationName = Release;
		};
		D283740D2045308F000B8350 /* Build configuration list for PBXNativeTarget "ZFLoadingViewTests" */ = {
			isa = XCConfigurationList;
			buildConfigurations = (
				D283740E2045308F000B8350 /* Debug */,
				D283740F2045308F000B8350 /* Release */,
			);
			defaultConfigurationIsVisible = 0;
			defaultConfigurationName = Release;
		};
		D28374102045308F000B8350 /* Build configuration list for PBXNativeTarget "ZFLoadingViewUITests" */ = {
			isa = XCConfigurationList;
			buildConfigurations = (
				D28374112045308F000B8350 /* Debug */,
				D28374122045308F000B8350 /* Release */,
			);
			defaultConfigurationIsVisible = 0;
			defaultConfigurationName = Release;
		};
/* End XCConfigurationList section */
	};
	rootObject = D28373D62045308E000B8350 /* Project object */;
}
